
Microsoft Visual Studio Solution File, Format Version 12.00
# Visual Studio Version 17
VisualStudioVersion = 17.9.34414.90
MinimumVisualStudioVersion = 10.0.40219.1
Project("{2150E333-8FDC-42A3-9474-1A3956D46DE8}") = "Solution Items", "Solution Items", "{6D7EFF7C-4917-4E52-99A3-3D13F8A8F85A}"
	ProjectSection(SolutionItems) = preProject
		.editorconfig = .editorconfig
		.gitignore = .gitignore
		Directory.Build.props = Directory.Build.props
		LICENSE = LICENSE
		NuGet.config = NuGet.config
		README.md = README.md
	EndProjectSection
EndProject
Project("{2150E333-8FDC-42A3-9474-1A3956D46DE8}") = "src", "src", "{46554B19-7D88-4A3E-8844-D31E8971AE30}"
EndProject
Project("{9A19103F-16F7-4668-BE54-9A1E7A4F7556}") = "ArgumentParsing", "src\ArgumentParsing\ArgumentParsing.csproj", "{D4C9F2B0-E066-4ADA-AECD-833E91E0A0AE}"
EndProject
Project("{9A19103F-16F7-4668-BE54-9A1E7A4F7556}") = "ArgumentParsing.Generators", "src\ArgumentParsing.Generators\ArgumentParsing.Generators.csproj", "{40A37207-8F5A-4289-86AA-CAD12F76CDD4}"
EndProject
Project("{2150E333-8FDC-42A3-9474-1A3956D46DE8}") = "tests", "tests", "{75866132-EEF7-4DFB-B353-23A2A132B519}"
EndProject
Project("{9A19103F-16F7-4668-BE54-9A1E7A4F7556}") = "ArgumentParsing.Tests.Unit", "tests\ArgumentParsing.Tests.Unit\ArgumentParsing.Tests.Unit.csproj", "{F1DE9D21-CC10-4E79-AE07-917919473620}"
EndProject
Project("{9A19103F-16F7-4668-BE54-9A1E7A4F7556}") = "ArgumentParsing.Tests.Functional", "tests\ArgumentParsing.Tests.Functional\ArgumentParsing.Tests.Functional.csproj", "{D9DBBC55-0513-4447-ACDA-FA9343E864F0}"
EndProject
Global
	GlobalSection(SolutionConfigurationPlatforms) = preSolution
		Debug|Any CPU = Debug|Any CPU
		Release|Any CPU = Release|Any CPU
	EndGlobalSection
	GlobalSection(ProjectConfigurationPlatforms) = postSolution
		{D4C9F2B0-E066-4ADA-AECD-833E91E0A0AE}.Debug|Any CPU.ActiveCfg = Debug|Any CPU
		{D4C9F2B0-E066-4ADA-AECD-833E91E0A0AE}.Debug|Any CPU.Build.0 = Debug|Any CPU
		{D4C9F2B0-E066-4ADA-AECD-833E91E0A0AE}.Release|Any CPU.ActiveCfg = Release|Any CPU
		{D4C9F2B0-E066-4ADA-AECD-833E91E0A0AE}.Release|Any CPU.Build.0 = Release|Any CPU
		{40A37207-8F5A-4289-86AA-CAD12F76CDD4}.Debug|Any CPU.ActiveCfg = Debug|Any CPU
		{40A37207-8F5A-4289-86AA-CAD12F76CDD4}.Debug|Any CPU.Build.0 = Debug|Any CPU
		{40A37207-8F5A-4289-86AA-CAD12F76CDD4}.Release|Any CPU.ActiveCfg = Release|Any CPU
		{40A37207-8F5A-4289-86AA-CAD12F76CDD4}.Release|Any CPU.Build.0 = Release|Any CPU
		{F1DE9D21-CC10-4E79-AE07-917919473620}.Debug|Any CPU.ActiveCfg = Debug|Any CPU
		{F1DE9D21-CC10-4E79-AE07-917919473620}.Debug|Any CPU.Build.0 = Debug|Any CPU
		{F1DE9D21-CC10-4E79-AE07-917919473620}.Release|Any CPU.ActiveCfg = Release|Any CPU
		{F1DE9D21-CC10-4E79-AE07-917919473620}.Release|Any CPU.Build.0 = Release|Any CPU
		{D9DBBC55-0513-4447-ACDA-FA9343E864F0}.Debug|Any CPU.ActiveCfg = Debug|Any CPU
		{D9DBBC55-0513-4447-ACDA-FA9343E864F0}.Debug|Any CPU.Build.0 = Debug|Any CPU
		{D9DBBC55-0513-4447-ACDA-FA9343E864F0}.Release|Any CPU.ActiveCfg = Release|Any CPU
		{D9DBBC55-0513-4447-ACDA-FA9343E864F0}.Release|Any CPU.Build.0 = Release|Any CPU
	EndGlobalSection
	GlobalSection(SolutionProperties) = preSolution
		HideSolutionNode = FALSE
	EndGlobalSection
	GlobalSection(NestedProjects) = preSolution
		{D4C9F2B0-E066-4ADA-AECD-833E91E0A0AE} = {46554B19-7D88-4A3E-8844-D31E8971AE30}
		{40A37207-8F5A-4289-86AA-CAD12F76CDD4} = {46554B19-7D88-4A3E-8844-D31E8971AE30}
		{F1DE9D21-CC10-4E79-AE07-917919473620} = {75866132-EEF7-4DFB-B353-23A2A132B519}
		{D9DBBC55-0513-4447-ACDA-FA9343E864F0} = {75866132-EEF7-4DFB-B353-23A2A132B519}
	EndGlobalSection
	GlobalSection(ExtensibilityGlobals) = postSolution
		SolutionGuid = {0763A9EC-AB2B-4B13-88E3-8ABD22BD5EC1}
	EndGlobalSection
EndGlobal
